
Microsoft Visual Studio Solution File, Format Version 12.00
# Visual Studio Version 17
VisualStudioVersion = 17.2.32630.192
MinimumVisualStudioVersion = 10.0.40219.1
Project("{FAE04EC0-301F-11D3-BF4B-00C04F79EFBC}") = "ExemploPilhaDinamica2022", "ExemploPilhaDinamica2022\ExemploPilhaDinamica2022.csproj", "{9244B9BB-0911-4FD2-A7F2-F5D92F765B08}"
EndProject
Global
	GlobalSection(SolutionConfigurationPlatforms) = preSolution
		Debug|Any CPU = Debug|Any CPU
		Release|Any CPU = Release|Any CPU
	EndGlobalSection
	GlobalSection(ProjectConfigurationPlatforms) = postSolution
		{9244B9BB-0911-4FD2-A7F2-F5D92F765B08}.Debug|Any CPU.ActiveCfg = Debug|Any CPU
		{9244B9BB-0911-4FD2-A7F2-F5D92F765B08}.Debug|Any CPU.Build.0 = Debug|Any CPU
		{9244B9BB-0911-4FD2-A7F2-F5D92F765B08}.Release|Any CPU.ActiveCfg = Release|Any CPU
		{9244B9BB-0911-4FD2-A7F2-F5D92F765B08}.Release|Any CPU.Build.0 = Release|Any CPU
	EndGlobalSection
	GlobalSection(SolutionProperties) = preSolution
		HideSolutionNode = FALSE
	EndGlobalSection
	GlobalSection(ExtensibilityGlobals) = postSolution
		SolutionGuid = {FAF1D6E4-4110-4AC7-948E-DFB4612AE610}
	EndGlobalSection
EndGlobal
